{
  "nodes": {
    "flake-utils": {
      "locked": {
        "lastModified": 1644229661,
        "narHash": "sha256-1YdnJAsNy69bpcjuoKdOYQX0YxZBiCYZo4Twxerqv7k=",
        "owner": "numtide",
        "repo": "flake-utils",
        "rev": "3cecb5b042f7f209c56ffd8371b2711a290ec797",
        "type": "github"
      },
      "original": {
        "owner": "numtide",
        "repo": "flake-utils",
        "type": "github"
      }
    },
    "home-manager": {
      "inputs": {
        "nixpkgs": [
          "nixpkgs"
        ]
      },
      "locked": {
        "lastModified": 1645905972,
        "narHash": "sha256-wP5R/s7JOQ8DWByflZreLfGwBTY6pzjEAT+Mrhd74U8=",
        "owner": "nix-community",
        "repo": "home-manager",
        "rev": "ccd00e3c93b89b26ca86749cfe64b371e2dd7910",
        "type": "github"
      },
      "original": {
        "owner": "nix-community",
        "repo": "home-manager",
        "type": "github"
      }
    },
    "nixpkgs": {
      "locked": {
        "lastModified": 1645623357,
        "narHash": "sha256-vAaI91QFn/kY/uMiebW+kG2mPmxirMSJWYtkqkBKdDc=",
        "owner": "nixos",
        "repo": "nixpkgs",
        "rev": "9222ae36b208d1c6b55d88e10aa68f969b5b5244",
        "type": "github"
      },
      "original": {
        "owner": "nixos",
        "ref": "nixpkgs-unstable",
        "repo": "nixpkgs",
        "type": "github"
      }
    },
    "root": {
      "inputs": {
        "flake-utils": "flake-utils",
        "home-manager": "home-manager",
        "nixpkgs": "nixpkgs"
      }
    }
  },
  "root": "root",
  "version": 7
}
